// !$*UTF8*$!
{
	archiveVersion = 1;
	classes = {
	};
	objectVersion = 46;
	objects = {

/* Begin PBXBuildFile section */
		8A1720A81D9663D500C1D9FD /* main.m in Sources */ = {isa = PBXBuildFile; fileRef = 8A1720A71D9663D500C1D9FD /* main.m */; };
		8A1720AB1D9663D500C1D9FD /* AppDelegate.m in Sources */ = {isa = PBXBuildFile; fileRef = 8A1720AA1D9663D500C1D9FD /* AppDelegate.m */; };
		8A1720AE1D9663D500C1D9FD /* ViewController.m in Sources */ = {isa = PBXBuildFile; fileRef = 8A1720AD1D9663D500C1D9FD /* ViewController.m */; };
		8A1720B11D9663D500C1D9FD /* Main.storyboard in Resources */ = {isa = PBXBuildFile; fileRef = 8A1720AF1D9663D500C1D9FD /* Main.storyboard */; };
		8A1720B31D9663D500C1D9FD /* Assets.xcassets in Resources */ = {isa = PBXBuildFile; fileRef = 8A1720B21D9663D500C1D9FD /* Assets.xcassets */; };
		8A1720B61D9663D500C1D9FD /* LaunchScreen.storyboard in Resources */ = {isa = PBXBuildFile; fileRef = 8A1720B41D9663D500C1D9FD /* LaunchScreen.storyboard */; };
		8A410C541D9A64AB00CF1C4C /* SwitchViewController.m in Sources */ = {isa = PBXBuildFile; fileRef = 8A410C531D9A64AB00CF1C4C /* SwitchViewController.m */; };
		8A410C571D9A654700CF1C4C /* TestViewController.m in Sources */ = {isa = PBXBuildFile; fileRef = 8A410C561D9A654700CF1C4C /* TestViewController.m */; };
/* End PBXBuildFile section */

/* Begin PBXFileReference section */
		8A1720A31D9663D500C1D9FD /* testDemo.app */ = {isa = PBXFileReference; explicitFileType = wrapper.application; includeInIndex = 0; path = testDemo.app; sourceTree = BUILT_PRODUCTS_DIR; };
		8A1720A71D9663D500C1D9FD /* main.m */ = {isa = PBXFileReference; lastKnownFileType = sourcecode.c.objc; path = main.m; sourceTree = "<group>"; };
		8A1720A91D9663D500C1D9FD /* AppDelegate.h */ = {isa = PBXFileReference; lastKnownFileType = sourcecode.c.h; path = AppDelegate.h; sourceTree = "<group>"; };
		8A1720AA1D9663D500C1D9FD /* AppDelegate.m */ = {isa = PBXFileReference; lastKnownFileType = sourcecode.c.objc; path = AppDelegate.m; sourceTree = "<group>"; };
		8A1720AC1D9663D500C1D9FD /* ViewController.h */ = {isa = PBXFileReference; lastKnownFileType = sourcecode.c.h; path = ViewController.h; sourceTree = "<group>"; };
		8A1720AD1D9663D500C1D9FD /* ViewController.m */ = {isa = PBXFileReference; lastKnownFileType = sourcecode.c.objc; path = ViewController.m; sourceTree = "<group>"; };
		8A1720B01D9663D500C1D9FD /* Base */ = {isa = PBXFileReference; lastKnownFileType = file.storyboard; name = Base; path = Base.lproj/Main.storyboard; sourceTree = "<group>"; };
		8A1720B21D9663D500C1D9FD /* Assets.xcassets */ = {isa = PBXFileReference; lastKnownFileType = folder.assetcatalog; path = Assets.xcassets; sourceTree = "<group>"; };
		8A1720B51D9663D500C1D9FD /* Base */ = {isa = PBXFileReference; lastKnownFileType = file.storyboard; name = Base; path = Base.lproj/LaunchScreen.storyboard; sourceTree = "<group>"; };
		8A1720B71D9663D500C1D9FD /* Info.plist */ = {isa = PBXFileReference; lastKnownFileType = text.plist.xml; path = Info.plist; sourceTree = "<group>"; };
		8A410C521D9A64AB00CF1C4C /* SwitchViewController.h */ = {isa = PBXFileReference; fileEncoding = 4; lastKnownFileType = sourcecode.c.h; path = SwitchViewController.h; sourceTree = "<group>"; };
		8A410C531D9A64AB00CF1C4C /* SwitchViewController.m */ = {isa = PBXFileReference; fileEncoding = 4; lastKnownFileType = sourcecode.c.objc; path = SwitchViewController.m; sourceTree = "<group>"; };
		8A410C551D9A654700CF1C4C /* TestViewController.h */ = {isa = PBXFileReference; fileEncoding = 4; lastKnownFileType = sourcecode.c.h; path = TestViewController.h; sourceTree = "<group>"; };
		8A410C561D9A654700CF1C4C /* TestViewController.m */ = {isa = PBXFileReference; fileEncoding = 4; lastKnownFileType = sourcecode.c.objc; path = TestViewController.m; sourceTree = "<group>"; };
/* End PBXFileReference section */

/* Begin PBXFrameworksBuildPhase section */
		8A1720A01D9663D500C1D9FD /* Frameworks */ = {
			isa = PBXFrameworksBuildPhase;
			buildActionMask = 2147483647;
			files = (
			);
			runOnlyForDeploymentPostprocessing = 0;
		};
/* End PBXFrameworksBuildPhase section */

/* Begin PBXGroup section */
		8A17209A1D9663D500C1D9FD = {
			isa = PBXGroup;
			children = (
				8A1720A41D9663D500C1D9FD /* Products */,
				8A1720A51D9663D500C1D9FD /* testDemo */,
			);
			sourceTree = "<group>";
		};
		8A1720A41D9663D500C1D9FD /* Products */ = {
			isa = PBXGroup;
			children = (
				8A1720A31D9663D500C1D9FD /* testDemo.app */,
			);
			name = Products;
			sourceTree = "<group>";
		};
		8A1720A51D9663D500C1D9FD /* testDemo */ = {
			isa = PBXGroup;
			children = (
				8A96446C1DED5AF600ACC43B /* Controller */,
				8A1720A61D9663D500C1D9FD /* Supporting Files */,
				8A1720A91D9663D500C1D9FD /* AppDelegate.h */,
				8A1720AA1D9663D500C1D9FD /* AppDelegate.m */,
				8A1720B21D9663D500C1D9FD /* Assets.xcassets */,
				8A1720B71D9663D500C1D9FD /* Info.plist */,
				8A1720B41D9663D500C1D9FD /* LaunchScreen.storyboard */,
				8A1720AF1D9663D500C1D9FD /* Main.storyboard */,
			);
			path = testDemo;
			sourceTree = "<group>";
		};
		8A1720A61D9663D500C1D9FD /* Supporting Files */ = {
			isa = PBXGroup;
			children = (
				8A1720A71D9663D500C1D9FD /* main.m */,
			);
			path = "Supporting Files";
			sourceTree = "<group>";
		};
		8A96446C1DED5AF600ACC43B /* Controller */ = {
			isa = PBXGroup;
			children = (
				8A410C521D9A64AB00CF1C4C /* SwitchViewController.h */,
				8A410C531D9A64AB00CF1C4C /* SwitchViewController.m */,
				8A410C551D9A654700CF1C4C /* TestViewController.h */,
				8A410C561D9A654700CF1C4C /* TestViewController.m */,
				8A1720AC1D9663D500C1D9FD /* ViewController.h */,
				8A1720AD1D9663D500C1D9FD /* ViewController.m */,
			);
			path = Controller;
			sourceTree = "<group>";
		};
/* End PBXGroup section */

/* Begin PBXNativeTarget section */
		8A1720A21D9663D500C1D9FD /* testDemo */ = {
			isa = PBXNativeTarget;
			buildConfigurationList = 8A1720BA1D9663D500C1D9FD /* Build configuration list for PBXNativeTarget "testDemo" */;
			buildPhases = (
				8A17209F1D9663D500C1D9FD /* Sources */,
				8A1720A01D9663D500C1D9FD /* Frameworks */,
				8A1720A11D9663D500C1D9FD /* Resources */,
			);
			buildRules = (
			);
			dependencies = (
			);
			name = testDemo;
			productName = testDemo;
			productReference = 8A1720A31D9663D500C1D9FD /* testDemo.app */;
			productType = "com.apple.product-type.application";
		};
/* End PBXNativeTarget section */

/* Begin PBXProject section */
		8A17209B1D9663D500C1D9FD /* Project object */ = {
			isa = PBXProject;
			attributes = {
				LastUpgradeCheck = 0720;
				ORGANIZATIONNAME = Czm;
				TargetAttributes = {
					8A1720A21D9663D500C1D9FD = {
						CreatedOnToolsVersion = 7.2;
					};
				};
			};
			buildConfigurationList = 8A17209E1D9663D500C1D9FD /* Build configuration list for PBXProject "testDemo" */;
			compatibilityVersion = "Xcode 3.2";
			developmentRegion = English;
			hasScannedForEncodings = 0;
			knownRegions = (
				en,
				Base,
			);
			mainGroup = 8A17209A1D9663D500C1D9FD;
			productRefGroup = 8A1720A41D9663D500C1D9FD /* Products */;
			projectDirPath = "";
			projectRoot = "";
			targets = (
				8A1720A21D9663D500C1D9FD /* testDemo */,
			);
		};
/* End PBXProject section */

/* Begin PBXResourcesBuildPhase section */
		8A1720A11D9663D500C1D9FD /* Resources */ = {
			isa = PBXResourcesBuildPhase;
			buildActionMask = 2147483647;
			files = (
				8A1720B61D9663D500C1D9FD /* LaunchScreen.storyboard in Resources */,
				8A1720B31D9663D500C1D9FD /* Assets.xcassets in Resources */,
				8A1720B11D9663D500C1D9FD /* Main.storyboard in Resources */,
			);
			runOnlyForDeploymentPostprocessing = 0;
		};
/* End PBXResourcesBuildPhase section */

/* Begin PBXSourcesBuildPhase section */
		8A17209F1D9663D500C1D9FD /* Sources */ = {
			isa = PBXSourcesBuildPhase;
			buildActionMask = 2147483647;
			files = (
				8A1720AE1D9663D500C1D9FD /* ViewController.m in Sources */,
				8A1720AB1D9663D500C1D9FD /* AppDelegate.m in Sources */,
				8A410C541D9A64AB00CF1C4C /* SwitchViewController.m in Sources */,
				8A1720A81D9663D500C1D9FD /* main.m in Sources */,
				8A410C571D9A654700CF1C4C /* TestViewController.m in Sources */,
			);
			runOnlyForDeploymentPostprocessing = 0;
		};
/* End PBXSourcesBuildPhase section */

/* Begin PBXVariantGroup section */
		8A1720AF1D9663D500C1D9FD /* Main.storyboard */ = {
			isa = PBXVariantGroup;
			children = (
				8A1720B01D9663D500C1D9FD /* Base */,
			);
			name = Main.storyboard;
			path = .;
			sourceTree = "<group>";
		};
		8A1720B41D9663D500C1D9FD /* LaunchScreen.storyboard */ = {
			isa = PBXVariantGroup;
			children = (
				8A1720B51D9663D500C1D9FD /* Base */,
			);
			name = LaunchScreen.storyboard;
			path = .;
			sourceTree = "<group>";
		};
/* End PBXVariantGroup section */

/* Begin XCBuildConfiguration section */
		8A1720B81D9663D500C1D9FD /* Debug */ = {
			isa = XCBuildConfiguration;
			buildSettings = {
				ALWAYS_SEARCH_USER_PATHS = NO;
				CLANG_CXX_LANGUAGE_STANDARD = "gnu++0x";
				CLANG_CXX_LIBRARY = "libc++";
				CLANG_ENABLE_MODULES = YES;
				CLANG_ENABLE_OBJC_ARC = YES;
				CLANG_WARN_BOOL_CONVERSION = YES;
				CLANG_WARN_CONSTANT_CONVERSION = YES;
				CLANG_WARN_DIRECT_OBJC_ISA_USAGE = YES_ERROR;
				CLANG_WARN_EMPTY_BODY = YES;
				CLANG_WARN_ENUM_CONVERSION = YES;
				CLANG_WARN_INT_CONVERSION = YES;
				CLANG_WARN_OBJC_ROOT_CLASS = YES_ERROR;
				CLANG_WARN_UNREACHABLE_CODE = YES;
				CLANG_WARN__DUPLICATE_METHOD_MATCH = YES;
				"CODE_SIGN_IDENTITY[sdk=iphoneos*]" = "iPhone Developer";
				COPY_PHASE_STRIP = NO;
				DEBUG_INFORMATION_FORMAT = dwarf;
				ENABLE_STRICT_OBJC_MSGSEND = YES;
				ENABLE_TESTABILITY = YES;
				GCC_C_LANGUAGE_STANDARD = gnu99;
				GCC_DYNAMIC_NO_PIC = NO;
				GCC_NO_COMMON_BLOCKS = YES;
				GCC_OPTIMIZATION_LEVEL = 0;
				GCC_PREPROCESSOR_DEFINITIONS = (
					"DEBUG=1",
					"$(inherited)",
				);
				GCC_WARN_64_TO_32_BIT_CONVERSION = YES;
				GCC_WARN_ABOUT_RETURN_TYPE = YES_ERROR;
				GCC_WARN_UNDECLARED_SELECTOR = YES;
				GCC_WARN_UNINITIALIZED_AUTOS = YES_AGGRESSIVE;
				GCC_WARN_UNUSED_FUNCTION = YES;
				GCC_WARN_UNUSED_VARIABLE = YES;
				IPHONEOS_DEPLOYMENT_TARGET = 9.2;
				MTL_ENABLE_DEBUG_INFO = YES;
				ONLY_ACTIVE_ARCH = YES;
				SDKROOT = iphoneos;
			};
			name = Debug;
		};
		8A1720B91D9663D500C1D9FD /* Release */ = {
			isa = XCBuildConfiguration;
			buildSettings = {
				ALWAYS_SEARCH_USER_PATHS = NO;
				CLANG_CXX_LANGUAGE_STANDARD = "gnu++0x";
				CLANG_CXX_LIBRARY = "libc++";
				CLANG_ENABLE_MODULES = YES;
				CLANG_ENABLE_OBJC_ARC = YES;
				CLANG_WARN_BOOL_CONVERSION = YES;
				CLANG_WARN_CONSTANT_CONVERSION = YES;
				CLANG_WARN_DIRECT_OBJC_ISA_USAGE = YES_ERROR;
				CLANG_WARN_EMPTY_BODY = YES;
				CLANG_WARN_ENUM_CONVERSION = YES;
				CLANG_WARN_INT_CONVERSION = YES;
				CLANG_WARN_OBJC_ROOT_CLASS = YES_ERROR;
				CLANG_WARN_UNREACHABLE_CODE = YES;
				CLANG_WARN__DUPLICATE_METHOD_MATCH = YES;
				"CODE_SIGN_IDENTITY[sdk=iphoneos*]" = "iPhone Developer";
				COPY_PHASE_STRIP = NO;
				DEBUG_INFORMATION_FORMAT = "dwarf-with-dsym";
				ENABLE_NS_ASSERTIONS = NO;
				ENABLE_STRICT_OBJC_MSGSEND = YES;
				GCC_C_LANGUAGE_STANDARD = gnu99;
				GCC_NO_COMMON_BLOCKS = YES;
				GCC_WARN_64_TO_32_BIT_CONVERSION = YES;
				GCC_WARN_ABOUT_RETURN_TYPE = YES_ERROR;
				GCC_WARN_UNDECLARED_SELECTOR = YES;
				GCC_WARN_UNINITIALIZED_AUTOS = YES_AGGRESSIVE;
				GCC_WARN_UNUSED_FUNCTION = YES;
				GCC_WARN_UNUSED_VARIABLE = YES;
				IPHONEOS_DEPLOYMENT_TARGET = 9.2;
				MTL_ENABLE_DEBUG_INFO = NO;
				SDKROOT = iphoneos;
				VALIDATE_PRODUCT = YES;
			};
			name = Release;
		};
		8A1720BB1D9663D500C1D9FD /* Debug */ = {
			isa = XCBuildConfiguration;
			buildSettings = {
				ASSETCATALOG_COMPILER_APPICON_NAME = AppIcon;
				INFOPLIST_FILE = testDemo/Info.plist;
				LD_RUNPATH_SEARCH_PATHS = "$(inherited) @executable_path/Frameworks";
				PRODUCT_BUNDLE_IDENTIFIER = cn.czm.testDemo;
				PRODUCT_NAME = "$(TARGET_NAME)";
			};
			name = Debug;
		};
		8A1720BC1D9663D500C1D9FD /* Release */ = {
			isa = XCBuildConfiguration;
			buildSettings = {
				ASSETCATALOG_COMPILER_APPICON_NAME = AppIcon;
				INFOPLIST_FILE = testDemo/Info.plist;
				LD_RUNPATH_SEARCH_PATHS = "$(inherited) @executable_path/Frameworks";
				PRODUCT_BUNDLE_IDENTIFIER = cn.czm.testDemo;
				PRODUCT_NAME = "$(TARGET_NAME)";
			};
			name = Release;
		};
/* End XCBuildConfiguration section */

/* Begin XCConfigurationList section */
		8A17209E1D9663D500C1D9FD /* Build configuration list for PBXProject "testDemo" */ = {
			isa = XCConfigurationList;
			buildConfigurations = (
				8A1720B81D9663D500C1D9FD /* Debug */,
				8A1720B91D9663D500C1D9FD /* Release */,
			);
			defaultConfigurationIsVisible = 0;
			defaultConfigurationName = Release;
		};
		8A1720BA1D9663D500C1D9FD /* Build configuration list for PBXNativeTarget "testDemo" */ = {
			isa = XCConfigurationList;
			buildConfigurations = (
				8A1720BB1D9663D500C1D9FD /* Debug */,
				8A1720BC1D9663D500C1D9FD /* Release */,
			);
			defaultConfigurationIsVisible = 0;
			defaultConfigurationName = Release;
		};
/* End XCConfigurationList section */
	};
	rootObject = 8A17209B1D9663D500C1D9FD /* Project object */;
}
